
Microsoft Visual Studio Solution File, Format Version 12.00
# Visual Studio Version 16
VisualStudioVersion = 16.0.30413.136
MinimumVisualStudioVersion = 10.0.40219.1
Project("{FAE04EC0-301F-11D3-BF4B-00C04F79EFBC}") = "ListsAndFiles", "ListsAndFiles\ListsAndFiles.csproj", "{1E94F114-F676-4A84-996A-D29183143280}"
EndProject
Project("{FAE04EC0-301F-11D3-BF4B-00C04F79EFBC}") = "WorkingWithFiles", "WorkingWithFiles\WorkingWithFiles.csproj", "{3191EAA8-8B8D-4345-87DF-44553E8F8AD0}"
EndProject
Project("{FAE04EC0-301F-11D3-BF4B-00C04F79EFBC}") = "Wishlist", "Wishlist\Wishlist.csproj", "{B6A7C0EE-9BEB-46B7-A4FB-3B329D8C6562}"
EndProject
Global
	GlobalSection(SolutionConfigurationPlatforms) = preSolution
		Debug|Any CPU = Debug|Any CPU
		Release|Any CPU = Release|Any CPU
	EndGlobalSection
	GlobalSection(ProjectConfigurationPlatforms) = postSolution
		{1E94F114-F676-4A84-996A-D29183143280}.Debug|Any CPU.ActiveCfg = Debug|Any CPU
		{1E94F114-F676-4A84-996A-D29183143280}.Debug|Any CPU.Build.0 = Debug|Any CPU
		{1E94F114-F676-4A84-996A-D29183143280}.Release|Any CPU.ActiveCfg = Release|Any CPU
		{1E94F114-F676-4A84-996A-D29183143280}.Release|Any CPU.Build.0 = Release|Any CPU
		{3191EAA8-8B8D-4345-87DF-44553E8F8AD0}.Debug|Any CPU.ActiveCfg = Debug|Any CPU
		{3191EAA8-8B8D-4345-87DF-44553E8F8AD0}.Debug|Any CPU.Build.0 = Debug|Any CPU
		{3191EAA8-8B8D-4345-87DF-44553E8F8AD0}.Release|Any CPU.ActiveCfg = Release|Any CPU
		{3191EAA8-8B8D-4345-87DF-44553E8F8AD0}.Release|Any CPU.Build.0 = Release|Any CPU
		{B6A7C0EE-9BEB-46B7-A4FB-3B329D8C6562}.Debug|Any CPU.ActiveCfg = Debug|Any CPU
		{B6A7C0EE-9BEB-46B7-A4FB-3B329D8C6562}.Debug|Any CPU.Build.0 = Debug|Any CPU
		{B6A7C0EE-9BEB-46B7-A4FB-3B329D8C6562}.Release|Any CPU.ActiveCfg = Release|Any CPU
		{B6A7C0EE-9BEB-46B7-A4FB-3B329D8C6562}.Release|Any CPU.Build.0 = Release|Any CPU
	EndGlobalSection
	GlobalSection(SolutionProperties) = preSolution
		HideSolutionNode = FALSE
	EndGlobalSection
	GlobalSection(ExtensibilityGlobals) = postSolution
		SolutionGuid = {84BDF182-66D3-429A-83B8-667527CB7242}
	EndGlobalSection
EndGlobal
